
Microsoft Visual Studio Solution File, Format Version 12.00
# Visual Studio 15
VisualStudioVersion = 15.0.27428.2015
MinimumVisualStudioVersion = 10.0.40219.1
Project("{9A19103F-16F7-4668-BE54-9A1E7A4F7556}") = "FormLambdaEndpoint", "FormService\FormLambdaEndpoint.csproj", "{6EC4961F-D106-4F8B-9E20-B86956CF6564}"
EndProject
Project("{9A19103F-16F7-4668-BE54-9A1E7A4F7556}") = "NotificationLambdaEndpoint", "NotificationService\NotificationLambdaEndpoint.csproj", "{268347B2-ACAD-4D8E-99F1-E28E75823A04}"
EndProject
Project("{9A19103F-16F7-4668-BE54-9A1E7A4F7556}") = "OrderStore", "OrderStore\OrderStore.csproj", "{F2060BA6-9E7A-4E6E-BED8-551DF7FACD04}"
EndProject
Project("{9A19103F-16F7-4668-BE54-9A1E7A4F7556}") = "CoreServices", "CoreServices\CoreServices.csproj", "{2EAEB66B-F1FB-449E-8898-7D4422FD42DC}"
EndProject
Project("{FAE04EC0-301F-11D3-BF4B-00C04F79EFBC}") = "MessagingService", "MessageBusWriter\MessagingService.csproj", "{FFEAC74E-4B5D-4AED-AD21-A7DB710D35C4}"
EndProject
Project("{FAE04EC0-301F-11D3-BF4B-00C04F79EFBC}") = "AWSDataStore", "AWSDataStore\AWSDataStore.csproj", "{C91DDC9C-1892-43E0-AC51-35DAD9C601AD}"
EndProject
Global
	GlobalSection(SolutionConfigurationPlatforms) = preSolution
		Debug|Any CPU = Debug|Any CPU
		Release|Any CPU = Release|Any CPU
	EndGlobalSection
	GlobalSection(ProjectConfigurationPlatforms) = postSolution
		{6EC4961F-D106-4F8B-9E20-B86956CF6564}.Debug|Any CPU.ActiveCfg = Debug|Any CPU
		{6EC4961F-D106-4F8B-9E20-B86956CF6564}.Debug|Any CPU.Build.0 = Debug|Any CPU
		{6EC4961F-D106-4F8B-9E20-B86956CF6564}.Release|Any CPU.ActiveCfg = Release|Any CPU
		{6EC4961F-D106-4F8B-9E20-B86956CF6564}.Release|Any CPU.Build.0 = Release|Any CPU
		{268347B2-ACAD-4D8E-99F1-E28E75823A04}.Debug|Any CPU.ActiveCfg = Debug|Any CPU
		{268347B2-ACAD-4D8E-99F1-E28E75823A04}.Debug|Any CPU.Build.0 = Debug|Any CPU
		{268347B2-ACAD-4D8E-99F1-E28E75823A04}.Release|Any CPU.ActiveCfg = Release|Any CPU
		{268347B2-ACAD-4D8E-99F1-E28E75823A04}.Release|Any CPU.Build.0 = Release|Any CPU
		{F2060BA6-9E7A-4E6E-BED8-551DF7FACD04}.Debug|Any CPU.ActiveCfg = Debug|Any CPU
		{F2060BA6-9E7A-4E6E-BED8-551DF7FACD04}.Debug|Any CPU.Build.0 = Debug|Any CPU
		{F2060BA6-9E7A-4E6E-BED8-551DF7FACD04}.Release|Any CPU.ActiveCfg = Release|Any CPU
		{F2060BA6-9E7A-4E6E-BED8-551DF7FACD04}.Release|Any CPU.Build.0 = Release|Any CPU
		{2EAEB66B-F1FB-449E-8898-7D4422FD42DC}.Debug|Any CPU.ActiveCfg = Debug|Any CPU
		{2EAEB66B-F1FB-449E-8898-7D4422FD42DC}.Debug|Any CPU.Build.0 = Debug|Any CPU
		{2EAEB66B-F1FB-449E-8898-7D4422FD42DC}.Release|Any CPU.ActiveCfg = Release|Any CPU
		{2EAEB66B-F1FB-449E-8898-7D4422FD42DC}.Release|Any CPU.Build.0 = Release|Any CPU
		{FFEAC74E-4B5D-4AED-AD21-A7DB710D35C4}.Debug|Any CPU.ActiveCfg = Debug|Any CPU
		{FFEAC74E-4B5D-4AED-AD21-A7DB710D35C4}.Debug|Any CPU.Build.0 = Debug|Any CPU
		{FFEAC74E-4B5D-4AED-AD21-A7DB710D35C4}.Release|Any CPU.ActiveCfg = Release|Any CPU
		{FFEAC74E-4B5D-4AED-AD21-A7DB710D35C4}.Release|Any CPU.Build.0 = Release|Any CPU
		{C91DDC9C-1892-43E0-AC51-35DAD9C601AD}.Debug|Any CPU.ActiveCfg = Debug|Any CPU
		{C91DDC9C-1892-43E0-AC51-35DAD9C601AD}.Debug|Any CPU.Build.0 = Debug|Any CPU
		{C91DDC9C-1892-43E0-AC51-35DAD9C601AD}.Release|Any CPU.ActiveCfg = Release|Any CPU
		{C91DDC9C-1892-43E0-AC51-35DAD9C601AD}.Release|Any CPU.Build.0 = Release|Any CPU
	EndGlobalSection
	GlobalSection(SolutionProperties) = preSolution
		HideSolutionNode = FALSE
	EndGlobalSection
	GlobalSection(ExtensibilityGlobals) = postSolution
		SolutionGuid = {53EB23C6-5773-498D-9F46-48FC3A86AB9B}
	EndGlobalSection
EndGlobal
